hash: 3d959a9b594e8f62f593ef8e28178beedda95c5db61541684a4e2a3d6742a297
updated: 2016-08-31T22:10:41.476264272+04:00
imports:
- name: github.com/aws/aws-sdk-go
  version: 8f2725740345a0561fa09669f5f75f905404ef8b
  subpackages:
  - aws
  - aws/awserr
  - aws/awsutil
  - aws/client
  - aws/client/metadata
  - aws/corehandlers
  - aws/credentials
  - aws/credentials/ec2rolecreds
  - aws/defaults
  - aws/ec2metadata
  - aws/request
  - aws/session
  - private/endpoints
  - services/lambda
- name: github.com/Azure/go-ansiterm
  version: 70b2c90b260171e829f1ebd7c17f600c11858dbe
  subpackages:
  - winterm
- name: github.com/coreos/go-semver
  version: 8ab6407b697782a06568d4b7f1db25550ec2e4c6
  subpackages:
  - semver
- name: github.com/docker/docker
  version: 65370be888d940899593a001024f53d6b83b4bb0
  subpackages:
  - pkg/jsonlog
  - pkg/jsonmessage
  - pkg/system
  - pkg/term
  - pkg/term/windows
- name: github.com/docker/go-units
  version: 5d2041e26a699eaca682e2ea41c8f891e1060444
- name: github.com/fatih/color
  version: 533cd7fd8a85905f67a1753afb4deddc85ea174f
- name: github.com/fsouza/go-dockerclient
  version: 98829062f36e94bc8c31a1c9a8b087b90f9d2d9c
  subpackages:
  - external/github.com/Sirupsen/logrus
  - external/github.com/docker/docker/opts
  - external/github.com/docker/docker/pkg/archive
  - external/github.com/docker/docker/pkg/fileutils
  - external/github.com/docker/docker/pkg/homedir
  - external/github.com/docker/docker/pkg/idtools
  - external/github.com/docker/docker/pkg/ioutils
  - external/github.com/docker/docker/pkg/longpath
  - external/github.com/docker/docker/pkg/pools
  - external/github.com/docker/docker/pkg/promise
  - external/github.com/docker/docker/pkg/stdcopy
  - external/github.com/docker/docker/pkg/system
  - external/github.com/docker/go-units
  - external/github.com/hashicorp/go-cleanhttp
  - external/github.com/opencontainers/runc/libcontainer/user
  - external/golang.org/x/net/context
  - external/golang.org/x/sys/unix
- name: github.com/giantswarm/semver-bump
  version: 88e6c9f2fe390c48839eaba32490fd09cb3b581c
  subpackages:
  - bump
  - commands
  - storage
- name: github.com/go-ini/ini
  version: 12f418cc7edc5a618a51407b7ac1f1f512139df3
- name: github.com/inconshreveable/mousetrap
  version: 76626ae9c91c4f2a10f34cad8ce83ea42c93bb75
- name: github.com/iron-io/iron_go3
  version: d1197926301489b15e418c49a0b17a9c42817acd
  subpackages:
  - api
  - config
  - mq
  - worker
- name: github.com/iron-io/lambda
  version: 197598b21c6918d143244cc69d4d443f062d3c78
  subpackages:
  - lambda
- name: github.com/jmespath/go-jmespath
  version: 0b12d6b521d83fc7f755e7cfc1b1fbdd35a01a74
- name: github.com/juju/errgo
  version: 08cceb5d0b5331634b9826762a8fd53b29b86ad8
  subpackages:
  - errors
- name: github.com/mattn/go-colorable
  version: 9cbef7c35391cca05f15f8181dc0b18bc9736dbb
  repo: https://github.com/mattn/go-colorable
- name: github.com/mattn/go-isatty
  version: 56b76bdf51f7708750eac80fa38b952bb9f32639
  repo: https://github.com/mattn/go-isatty
- name: github.com/satori/go.uuid
  version: f9ab0dce87d815821e221626b772e3475a0d2749
- name: github.com/Sirupsen/logrus
  version: 4b6ea7319e214d98c938f12692336f7ca9348d6b
- name: github.com/spf13/cobra
  version: 1f4717172e07e12150feb061b2ab847c3054f53f
- name: github.com/spf13/pflag
  version: 103ce5cd2042f2fe629c1957abb64ab3e7f50235
- name: github.com/urfave/cli
  version: 1efa31f08b9333f1bd4882d61f9d668a70cd902e
- name: golang.org/x/sys
  version: 9eef40adf05b951699605195b829612bd7b69952
  subpackages:
  - unix
testImports: []
