# This file is autogenerated, do not edit; changes may be undone by the next 'dep ensure'.


[[projects]]
  branch = "master"
  name = "github.com/Azure/go-ansiterm"
  packages = [".","winterm"]
  revision = "d6e3b3328b783f23731bc4d058875b0371ff8109"

[[projects]]
  name = "github.com/Sirupsen/logrus"
  packages = ["."]
  revision = "f006c2ac4710855cf0f916dd6b77acf6b048dc6e"
  version = "v1.0.3"

[[projects]]
  name = "github.com/aws/aws-sdk-go"
  packages = ["aws","aws/awserr","aws/awsutil","aws/client","aws/client/metadata","aws/corehandlers","aws/credentials","aws/credentials/ec2rolecreds","aws/defaults","aws/ec2metadata","aws/request","aws/session","private/endpoints","private/protocol","private/protocol/json/jsonutil","private/protocol/jsonrpc","private/protocol/rest","private/protocol/restjson","private/signer/v4","service/lambda"]
  revision = "8f2725740345a0561fa09669f5f75f905404ef8b"
  version = "v1.1.36"

[[projects]]
  name = "github.com/docker/docker"
  packages = ["pkg/jsonlog","pkg/jsonmessage","pkg/system","pkg/term","pkg/term/windows"]
  revision = "65370be888d940899593a001024f53d6b83b4bb0"

[[projects]]
  name = "github.com/docker/go-units"
  packages = ["."]
  revision = "0dadbb0345b35ec7ef35e228dabb8de89a65bf52"
  version = "v0.3.2"

[[projects]]
  name = "github.com/fatih/color"
  packages = ["."]
  revision = "533cd7fd8a85905f67a1753afb4deddc85ea174f"

[[projects]]
  name = "github.com/fsouza/go-dockerclient"
  packages = [".","external/github.com/Sirupsen/logrus","external/github.com/docker/docker/opts","external/github.com/docker/docker/pkg/archive","external/github.com/docker/docker/pkg/fileutils","external/github.com/docker/docker/pkg/homedir","external/github.com/docker/docker/pkg/idtools","external/github.com/docker/docker/pkg/ioutils","external/github.com/docker/docker/pkg/longpath","external/github.com/docker/docker/pkg/pools","external/github.com/docker/docker/pkg/promise","external/github.com/docker/docker/pkg/stdcopy","external/github.com/docker/docker/pkg/system","external/github.com/docker/go-units","external/github.com/hashicorp/go-cleanhttp","external/github.com/opencontainers/runc/libcontainer/user","external/golang.org/x/net/context","external/golang.org/x/sys/unix"]
  revision = "1d4f4ae73768d3ca16a6fb964694f58dc5eba601"
  version = "docker-1.9/go-1.4"

[[projects]]
  name = "github.com/go-ini/ini"
  packages = ["."]
  revision = "f280b3ba517bf5fc98922624f21fb0e7a92adaec"
  version = "v1.30.3"

[[projects]]
  name = "github.com/iron-io/iron_go3"
  packages = ["api","config","mq","worker"]
  revision = "a4a7f74b73ac79e9ae1e5db51f7ef18cadaf4a20"

[[projects]]
  name = "github.com/iron-io/lambda"
  packages = ["lambda"]
  revision = "197598b21c6918d143244cc69d4d443f062d3c78"
  version = "v0.1.0"

[[projects]]
  name = "github.com/jmespath/go-jmespath"
  packages = ["."]
  revision = "3433f3ea46d9f8019119e7dd41274e112a2359a9"
  version = "0.2.2"

[[projects]]
  name = "github.com/mattn/go-colorable"
  packages = ["."]
  revision = "167de6bfdfba052fa6b2d3664c8f5272e23c9072"
  version = "v0.0.9"

[[projects]]
  name = "github.com/mattn/go-isatty"
  packages = ["."]
  revision = "0360b2af4f38e8d38c7fce2a9f4e702702d73a39"
  version = "v0.0.3"

[[projects]]
  name = "github.com/satori/go.uuid"
  packages = ["."]
  revision = "879c5887cd475cd7864858769793b2ceb0d44feb"
  version = "v1.1.0"

[[projects]]
  branch = "master"
  name = "golang.org/x/crypto"
  packages = ["ssh/terminal"]
  revision = "bd6f299fb381e4c3393d1c4b1f0b94f5e77650c8"

[[projects]]
  branch = "master"
  name = "golang.org/x/sys"
  packages = ["unix","windows"]
  revision = "95c6576299259db960f6c5b9b69ea52422860fce"

[solve-meta]
  analyzer-name = "dep"
  analyzer-version = 1
  inputs-digest = "ce3ece95eb2a089e91f55e017b668f03b8bf261712140c5e9a6e63947f5db192"
  solver-name = "gps-cdcl"
  solver-version = 1
